
Microsoft Visual Studio Solution File, Format Version 12.00
# Visual Studio Version 17
VisualStudioVersion = 17.4.33213.308
MinimumVisualStudioVersion = 10.0.40219.1
Project("{FAE04EC0-301F-11D3-BF4B-00C04F79EFBC}") = "ProyectoSeries_DLL-JSVE", "ProyectoSeries_DLL-JSVE.csproj", "{7E5ADA93-C29E-4431-9EF3-663CC955034E}"
EndProject
Global
	GlobalSection(SolutionConfigurationPlatforms) = preSolution
		Debug|Any CPU = Debug|Any CPU
		Release|Any CPU = Release|Any CPU
	EndGlobalSection
	GlobalSection(ProjectConfigurationPlatforms) = postSolution
		{7E5ADA93-C29E-4431-9EF3-663CC955034E}.Debug|Any CPU.ActiveCfg = Debug|Any CPU
		{7E5ADA93-C29E-4431-9EF3-663CC955034E}.Debug|Any CPU.Build.0 = Debug|Any CPU
		{7E5ADA93-C29E-4431-9EF3-663CC955034E}.Release|Any CPU.ActiveCfg = Release|Any CPU
		{7E5ADA93-C29E-4431-9EF3-663CC955034E}.Release|Any CPU.Build.0 = Release|Any CPU
	EndGlobalSection
	GlobalSection(SolutionProperties) = preSolution
		HideSolutionNode = FALSE
	EndGlobalSection
	GlobalSection(ExtensibilityGlobals) = postSolution
		SolutionGuid = {B1B7496F-7E2E-4BEA-AB49-F5C9BB8D11C5}
	EndGlobalSection
EndGlobal
